
Microsoft Visual Studio Solution File, Format Version 12.00
# Visual Studio 15
Project("{FAE04EC0-301F-11D3-BF4B-00C04F79EFBC}") = "Assembly-CSharp", "Assembly-CSharp.csproj", "{92FFE5E0-CFC2-0C48-DD84-DDE5FB77A54F}"
EndProject
Global
	GlobalSection(SolutionConfigurationPlatforms) = preSolution
		Debug|Any CPU = Debug|Any CPU
		Release|Any CPU = Release|Any CPU
	EndGlobalSection
	GlobalSection(ProjectConfigurationPlatforms) = postSolution
		{92FFE5E0-CFC2-0C48-DD84-DDE5FB77A54F}.Debug|Any CPU.ActiveCfg = Debug|Any CPU
		{92FFE5E0-CFC2-0C48-DD84-DDE5FB77A54F}.Debug|Any CPU.Build.0 = Debug|Any CPU
		{92FFE5E0-CFC2-0C48-DD84-DDE5FB77A54F}.Release|Any CPU.ActiveCfg = Release|Any CPU
		{92FFE5E0-CFC2-0C48-DD84-DDE5FB77A54F}.Release|Any CPU.Build.0 = Release|Any CPU
	EndGlobalSection
	GlobalSection(SolutionProperties) = preSolution
		HideSolutionNode = FALSE
	EndGlobalSection
EndGlobal
